Microsoft Visual Studio Solution File, Format Version 12.00
# Visual Studio Version 17
VisualStudioVersion = 17.5.2.0
MinimumVisualStudioVersion = 10.0.40219.1
Project("{FAE04EC0-301F-11D3-BF4B-00C04F79EFBC}") = "evanslivcsharp", "evanslivcsharp.csproj", "{29D41C43-7984-CE88-862F-82A6BBC7588D}"
EndProject
Global
	GlobalSection(SolutionConfigurationPlatforms) = preSolution
		Debug|Any CPU = Debug|Any CPU
		Release|Any CPU = Release|Any CPU
	EndGlobalSection
	GlobalSection(ProjectConfigurationPlatforms) = postSolution
		{29D41C43-7984-CE88-862F-82A6BBC7588D}.Debug|Any CPU.ActiveCfg = Debug|Any CPU
		{29D41C43-7984-CE88-862F-82A6BBC7588D}.Debug|Any CPU.Build.0 = Debug|Any CPU
		{29D41C43-7984-CE88-862F-82A6BBC7588D}.Release|Any CPU.ActiveCfg = Release|Any CPU
		{29D41C43-7984-CE88-862F-82A6BBC7588D}.Release|Any CPU.Build.0 = Release|Any CPU
	EndGlobalSection
	GlobalSection(SolutionProperties) = preSolution
		HideSolutionNode = FALSE
	EndGlobalSection
	GlobalSection(ExtensibilityGlobals) = postSolution
		SolutionGuid = {0CF70322-260E-4DDF-813E-D28A70781D18}
	EndGlobalSection
EndGlobal
